
Microsoft Visual Studio Solution File, Format Version 12.00
# Visual Studio Version 17
VisualStudioVersion = 17.8.34330.188
MinimumVisualStudioVersion = 10.0.40219.1
Project("{FAE04EC0-301F-11D3-BF4B-00C04F79EFBC}") = "NIC_PRACTICAL", "NIC_PRACTICAL.csproj", "{DD0E0E83-6799-4B5B-9FB8-AE2117DE0213}"
EndProject
Global
	GlobalSection(SolutionConfigurationPlatforms) = preSolution
		Debug|Any CPU = Debug|Any CPU
		Release|Any CPU = Release|Any CPU
	EndGlobalSection
	GlobalSection(ProjectConfigurationPlatforms) = postSolution
		{DD0E0E83-6799-4B5B-9FB8-AE2117DE0213}.Debug|Any CPU.ActiveCfg = Debug|Any CPU
		{DD0E0E83-6799-4B5B-9FB8-AE2117DE0213}.Debug|Any CPU.Build.0 = Debug|Any CPU
		{DD0E0E83-6799-4B5B-9FB8-AE2117DE0213}.Release|Any CPU.ActiveCfg = Release|Any CPU
		{DD0E0E83-6799-4B5B-9FB8-AE2117DE0213}.Release|Any CPU.Build.0 = Release|Any CPU
	EndGlobalSection
	GlobalSection(SolutionProperties) = preSolution
		HideSolutionNode = FALSE
	EndGlobalSection
	GlobalSection(ExtensibilityGlobals) = postSolution
		SolutionGuid = {696332B0-179B-4908-B822-6981B3566711}
	EndGlobalSection
EndGlobal
